// !$*UTF8*$!
{
	archiveVersion = 1;
	classes = {
	};
	objectVersion = 50;
	objects = {

/* Begin PBXBuildFile section */
		3C9EFFDF874C03BE7BA2945C /* Pods_NMapTest.framework in Frameworks */ = {isa = PBXBuildFile; fileRef = 0D1D4FE6081B7C153411BF9D /* Pods_NMapTest.framework */; };
		A53DCB25245833EE00302857 /* AppDelegate.swift in Sources */ = {isa = PBXBuildFile; fileRef = A53DCB24245833EE00302857 /* AppDelegate.swift */; };
		A53DCB27245833EE00302857 /* SceneDelegate.swift in Sources */ = {isa = PBXBuildFile; fileRef = A53DCB26245833EE00302857 /* SceneDelegate.swift */; };
		A53DCB29245833EE00302857 /* ViewController.swift in Sources */ = {isa = PBXBuildFile; fileRef = A53DCB28245833EE00302857 /* ViewController.swift */; };
		A53DCB2C245833EE00302857 /* Main.storyboard in Resources */ = {isa = PBXBuildFile; fileRef = A53DCB2A245833EE00302857 /* Main.storyboard */; };
		A53DCB2F245833EE00302857 /* NMapTest.xcdatamodeld in Sources */ = {isa = PBXBuildFile; fileRef = A53DCB2D245833EE00302857 /* NMapTest.xcdatamodeld */; };
		A53DCB31245833EF00302857 /* Assets.xcassets in Resources */ = {isa = PBXBuildFile; fileRef = A53DCB30245833EF00302857 /* Assets.xcassets */; };
		A53DCB34245833EF00302857 /* LaunchScreen.storyboard in Resources */ = {isa = PBXBuildFile; fileRef = A53DCB32245833EF00302857 /* LaunchScreen.storyboard */; };
/* End PBXBuildFile section */

/* Begin PBXFileReference section */
		0D1D4FE6081B7C153411BF9D /* Pods_NMapTest.framework */ = {isa = PBXFileReference; explicitFileType = wrapper.framework; includeInIndex = 0; path = Pods_NMapTest.framework; sourceTree = BUILT_PRODUCTS_DIR; };
		A53DCB21245833EE00302857 /* NMapTest.app */ = {isa = PBXFileReference; explicitFileType = wrapper.application; includeInIndex = 0; path = NMapTest.app; sourceTree = BUILT_PRODUCTS_DIR; };
		A53DCB24245833EE00302857 /* AppDelegate.swift */ = {isa = PBXFileReference; lastKnownFileType = sourcecode.swift; path = AppDelegate.swift; sourceTree = "<group>"; };
		A53DCB26245833EE00302857 /* SceneDelegate.swift */ = {isa = PBXFileReference; lastKnownFileType = sourcecode.swift; path = SceneDelegate.swift; sourceTree = "<group>"; };
		A53DCB28245833EE00302857 /* ViewController.swift */ = {isa = PBXFileReference; lastKnownFileType = sourcecode.swift; path = ViewController.swift; sourceTree = "<group>"; };
		A53DCB2B245833EE00302857 /* Base */ = {isa = PBXFileReference; lastKnownFileType = file.storyboard; name = Base; path = Base.lproj/Main.storyboard; sourceTree = "<group>"; };
		A53DCB2E245833EE00302857 /* NMapTest.xcdatamodel */ = {isa = PBXFileReference; lastKnownFileType = wrapper.xcdatamodel; path = NMapTest.xcdatamodel; sourceTree = "<group>"; };
		A53DCB30245833EF00302857 /* Assets.xcassets */ = {isa = PBXFileReference; lastKnownFileType = folder.assetcatalog; path = Assets.xcassets; sourceTree = "<group>"; };
		A53DCB33245833EF00302857 /* Base */ = {isa = PBXFileReference; lastKnownFileType = file.storyboard; name = Base; path = Base.lproj/LaunchScreen.storyboard; sourceTree = "<group>"; };
		A53DCB35245833EF00302857 /* Info.plist */ = {isa = PBXFileReference; lastKnownFileType = text.plist.xml; path = Info.plist; sourceTree = "<group>"; };
		B6D7808C89284B620D23585F /* Pods-NMapTest.release.xcconfig */ = {isa = PBXFileReference; includeInIndex = 1; lastKnownFileType = text.xcconfig; name = "Pods-NMapTest.release.xcconfig"; path = "Target Support Files/Pods-NMapTest/Pods-NMapTest.release.xcconfig"; sourceTree = "<group>"; };
		C29304BBEBA91A9D76DAF1D9 /* Pods-NMapTest.debug.xcconfig */ = {isa = PBXFileReference; includeInIndex = 1; lastKnownFileType = text.xcconfig; name = "Pods-NMapTest.debug.xcconfig"; path = "Target Support Files/Pods-NMapTest/Pods-NMapTest.debug.xcconfig"; sourceTree = "<group>"; };
/* End PBXFileReference section */

/* Begin PBXFrameworksBuildPhase section */
		A53DCB1E245833EE00302857 /* Frameworks */ = {
			isa = PBXFrameworksBuildPhase;
			buildActionMask = 2147483647;
			files = (
				3C9EFFDF874C03BE7BA2945C /* Pods_NMapTest.framework in Frameworks */,
			);
			runOnlyForDeploymentPostprocessing = 0;
		};
/* End PBXFrameworksBuildPhase section */

/* Begin PBXGroup section */
		3093EC9FF9B4528D8694ACD8 /* Pods */ = {
			isa = PBXGroup;
			children = (
				C29304BBEBA91A9D76DAF1D9 /* Pods-NMapTest.debug.xcconfig */,
				B6D7808C89284B620D23585F /* Pods-NMapTest.release.xcconfig */,
			);
			name = Pods;
			path = Pods;
			sourceTree = "<group>";
		};
		A53DCB18245833EE00302857 = {
			isa = PBXGroup;
			children = (
				A53DCB23245833EE00302857 /* NMapTest */,
				A53DCB22245833EE00302857 /* Products */,
				3093EC9FF9B4528D8694ACD8 /* Pods */,
				D6B88146C9CA167DF9AA511D /* Frameworks */,
			);
			sourceTree = "<group>";
		};
		A53DCB22245833EE00302857 /* Products */ = {
			isa = PBXGroup;
			children = (
				A53DCB21245833EE00302857 /* NMapTest.app */,
			);
			name = Products;
			sourceTree = "<group>";
		};
		A53DCB23245833EE00302857 /* NMapTest */ = {
			isa = PBXGroup;
			children = (
				A53DCB24245833EE00302857 /* AppDelegate.swift */,
				A53DCB26245833EE00302857 /* SceneDelegate.swift */,
				A53DCB28245833EE00302857 /* ViewController.swift */,
				A53DCB2A245833EE00302857 /* Main.storyboard */,
				A53DCB30245833EF00302857 /* Assets.xcassets */,
				A53DCB32245833EF00302857 /* LaunchScreen.storyboard */,
				A53DCB35245833EF00302857 /* Info.plist */,
				A53DCB2D245833EE00302857 /* NMapTest.xcdatamodeld */,
			);
			path = NMapTest;
			sourceTree = "<group>";
		};
		D6B88146C9CA167DF9AA511D /* Frameworks */ = {
			isa = PBXGroup;
			children = (
				0D1D4FE6081B7C153411BF9D /* Pods_NMapTest.framework */,
			);
			name = Frameworks;
			sourceTree = "<group>";
		};
/* End PBXGroup section */

/* Begin PBXNativeTarget section */
		A53DCB20245833EE00302857 /* NMapTest */ = {
			isa = PBXNativeTarget;
			buildConfigurationList = A53DCB38245833EF00302857 /* Build configuration list for PBXNativeTarget "NMapTest" */;
			buildPhases = (
				241D42C59FA7FF76D3A86007 /* [CP] Check Pods Manifest.lock */,
				A53DCB1D245833EE00302857 /* Sources */,
				A53DCB1E245833EE00302857 /* Frameworks */,
				A53DCB1F245833EE00302857 /* Resources */,
				F5ED05BC489FA2C2A1AB0754 /* [CP] Embed Pods Frameworks */,
			);
			buildRules = (
			);
			dependencies = (
			);
			name = NMapTest;
			productName = NMapTest;
			productReference = A53DCB21245833EE00302857 /* NMapTest.app */;
			productType = "com.apple.product-type.application";
		};
/* End PBXNativeTarget section */

/* Begin PBXProject section */
		A53DCB19245833EE00302857 /* Project object */ = {
			isa = PBXProject;
			attributes = {
				LastSwiftUpdateCheck = 1140;
				LastUpgradeCheck = 1140;
				ORGANIZATIONNAME = once;
				TargetAttributes = {
					A53DCB20245833EE00302857 = {
						CreatedOnToolsVersion = 11.4.1;
					};
				};
			};
			buildConfigurationList = A53DCB1C245833EE00302857 /* Build configuration list for PBXProject "NMapTest" */;
			compatibilityVersion = "Xcode 9.3";
			developmentRegion = en;
			hasScannedForEncodings = 0;
			knownRegions = (
				en,
				Base,
			);
			mainGroup = A53DCB18245833EE00302857;
			productRefGroup = A53DCB22245833EE00302857 /* Products */;
			projectDirPath = "";
			projectRoot = "";
			targets = (
				A53DCB20245833EE00302857 /* NMapTest */,
			);
		};
/* End PBXProject section */

/* Begin PBXResourcesBuildPhase section */
		A53DCB1F245833EE00302857 /* Resources */ = {
			isa = PBXResourcesBuildPhase;
			buildActionMask = 2147483647;
			files = (
				A53DCB34245833EF00302857 /* LaunchScreen.storyboard in Resources */,
				A53DCB31245833EF00302857 /* Assets.xcassets in Resources */,
				A53DCB2C245833EE00302857 /* Main.storyboard in Resources */,
			);
			runOnlyForDeploymentPostprocessing = 0;
		};
/* End PBXResourcesBuildPhase section */

/* Begin PBXShellScriptBuildPhase section */
		241D42C59FA7FF76D3A86007 /* [CP] Check Pods Manifest.lock */ = {
			isa = PBXShellScriptBuildPhase;
			buildActionMask = 2147483647;
			files = (
			);
			inputFileListPaths = (
			);
			inputPaths = (
				"${PODS_PODFILE_DIR_PATH}/Podfile.lock",
				"${PODS_ROOT}/Manifest.lock",
			);
			name = "[CP] Check Pods Manifest.lock";
			outputFileListPaths = (
			);
			outputPaths = (
				"$(DERIVED_FILE_DIR)/Pods-NMapTest-checkManifestLockResult.txt",
			);
			runOnlyForDeploymentPostprocessing = 0;
			shellPath = /bin/sh;
			shellScript = "diff \"${PODS_PODFILE_DIR_PATH}/Podfile.lock\" \"${PODS_ROOT}/Manifest.lock\" > /dev/null\nif [ $? != 0 ] ; then\n    # print error to STDERR\n    echo \"error: The sandbox is not in sync with the Podfile.lock. Run 'pod install' or update your CocoaPods installation.\" >&2\n    exit 1\nfi\n# This output is used by Xcode 'outputs' to avoid re-running this script phase.\necho \"SUCCESS\" > \"${SCRIPT_OUTPUT_FILE_0}\"\n";
			showEnvVarsInLog = 0;
		};
		F5ED05BC489FA2C2A1AB0754 /* [CP] Embed Pods Frameworks */ = {
			isa = PBXShellScriptBuildPhase;
			buildActionMask = 2147483647;
			files = (
			);
			inputFileListPaths = (
				"${PODS_ROOT}/Target Support Files/Pods-NMapTest/Pods-NMapTest-frameworks-${CONFIGURATION}-input-files.xcfilelist",
			);
			name = "[CP] Embed Pods Frameworks";
			outputFileListPaths = (
				"${PODS_ROOT}/Target Support Files/Pods-NMapTest/Pods-NMapTest-frameworks-${CONFIGURATION}-output-files.xcfilelist",
			);
			runOnlyForDeploymentPostprocessing = 0;
			shellPath = /bin/sh;
			shellScript = "\"${PODS_ROOT}/Target Support Files/Pods-NMapTest/Pods-NMapTest-frameworks.sh\"\n";
			showEnvVarsInLog = 0;
		};
/* End PBXShellScriptBuildPhase section */

/* Begin PBXSourcesBuildPhase section */
		A53DCB1D245833EE00302857 /* Sources */ = {
			isa = PBXSourcesBuildPhase;
			buildActionMask = 2147483647;
			files = (
				A53DCB29245833EE00302857 /* ViewController.swift in Sources */,
				A53DCB2F245833EE00302857 /* NMapTest.xcdatamodeld in Sources */,
				A53DCB25245833EE00302857 /* AppDelegate.swift in Sources */,
				A53DCB27245833EE00302857 /* SceneDelegate.swift in Sources */,
			);
			runOnlyForDeploymentPostprocessing = 0;
		};
/* End PBXSourcesBuildPhase section */

/* Begin PBXVariantGroup section */
		A53DCB2A245833EE00302857 /* Main.storyboard */ = {
			isa = PBXVariantGroup;
			children = (
				A53DCB2B245833EE00302857 /* Base */,
			);
			name = Main.storyboard;
			sourceTree = "<group>";
		};
		A53DCB32245833EF00302857 /* LaunchScreen.storyboard */ = {
			isa = PBXVariantGroup;
			children = (
				A53DCB33245833EF00302857 /* Base */,
			);
			name = LaunchScreen.storyboard;
			sourceTree = "<group>";
		};
/* End PBXVariantGroup section */

/* Begin XCBuildConfiguration section */
		A53DCB36245833EF00302857 /* Debug */ = {
			isa = XCBuildConfiguration;
			buildSettings = {
				ALWAYS_SEARCH_USER_PATHS = NO;
				CLANG_ANALYZER_NONNULL = YES;
				CLANG_ANALYZER_NUMBER_OBJECT_CONVERSION = YES_AGGRESSIVE;
				CLANG_CXX_LANGUAGE_STANDARD = "gnu++14";
				CLANG_CXX_LIBRARY = "libc++";
				CLANG_ENABLE_MODULES = YES;
				CLANG_ENABLE_OBJC_ARC = YES;
				CLANG_ENABLE_OBJC_WEAK = YES;
				CLANG_WARN_BLOCK_CAPTURE_AUTORELEASING = YES;
				CLANG_WARN_BOOL_CONVERSION = YES;
				CLANG_WARN_COMMA = YES;
				CLANG_WARN_CONSTANT_CONVERSION = YES;
				CLANG_WARN_DEPRECATED_OBJC_IMPLEMENTATIONS = YES;
				CLANG_WARN_DIRECT_OBJC_ISA_USAGE = YES_ERROR;
				CLANG_WARN_DOCUMENTATION_COMMENTS = YES;
				CLANG_WARN_EMPTY_BODY = YES;
				CLANG_WARN_ENUM_CONVERSION = YES;
				CLANG_WARN_INFINITE_RECURSION = YES;
				CLANG_WARN_INT_CONVERSION = YES;
				CLANG_WARN_NON_LITERAL_NULL_CONVERSION = YES;
				CLANG_WARN_OBJC_IMPLICIT_RETAIN_SELF = YES;
				CLANG_WARN_OBJC_LITERAL_CONVERSION = YES;
				CLANG_WARN_OBJC_ROOT_CLASS = YES_ERROR;
				CLANG_WARN_RANGE_LOOP_ANALYSIS = YES;
				CLANG_WARN_STRICT_PROTOTYPES = YES;
				CLANG_WARN_SUSPICIOUS_MOVE = YES;
				CLANG_WARN_UNGUARDED_AVAILABILITY = YES_AGGRESSIVE;
				CLANG_WARN_UNREACHABLE_CODE = YES;
				CLANG_WARN__DUPLICATE_METHOD_MATCH = YES;
				COPY_PHASE_STRIP = NO;
				DEBUG_INFORMATION_FORMAT = dwarf;
				ENABLE_STRICT_OBJC_MSGSEND = YES;
				ENABLE_TESTABILITY = YES;
				GCC_C_LANGUAGE_STANDARD = gnu11;
				GCC_DYNAMIC_NO_PIC = NO;
				GCC_NO_COMMON_BLOCKS = YES;
				GCC_OPTIMIZATION_LEVEL = 0;
				GCC_PREPROCESSOR_DEFINITIONS = (
					"DEBUG=1",
					"$(inherited)",
				);
				GCC_WARN_64_TO_32_BIT_CONVERSION = YES;
				GCC_WARN_ABOUT_RETURN_TYPE = YES_ERROR;
				GCC_WARN_UNDECLARED_SELECTOR = YES;
				GCC_WARN_UNINITIALIZED_AUTOS = YES_AGGRESSIVE;
				GCC_WARN_UNUSED_FUNCTION = YES;
				GCC_WARN_UNUSED_VARIABLE = YES;
				IPHONEOS_DEPLOYMENT_TARGET = 13.4;
				MTL_ENABLE_DEBUG_INFO = INCLUDE_SOURCE;
				MTL_FAST_MATH = YES;
				ONLY_ACTIVE_ARCH = YES;
				SDKROOT = iphoneos;
				SWIFT_ACTIVE_COMPILATION_CONDITIONS = DEBUG;
				SWIFT_OPTIMIZATION_LEVEL = "-Onone";
			};
			name = Debug;
		};
		A53DCB37245833EF00302857 /* Release */ = {
			isa = XCBuildConfiguration;
			buildSettings = {
				ALWAYS_SEARCH_USER_PATHS = NO;
				CLANG_ANALYZER_NONNULL = YES;
				CLANG_ANALYZER_NUMBER_OBJECT_CONVERSION = YES_AGGRESSIVE;
				CLANG_CXX_LANGUAGE_STANDARD = "gnu++14";
				CLANG_CXX_LIBRARY = "libc++";
				CLANG_ENABLE_MODULES = YES;
				CLANG_ENABLE_OBJC_ARC = YES;
				CLANG_ENABLE_OBJC_WEAK = YES;
				CLANG_WARN_BLOCK_CAPTURE_AUTORELEASING = YES;
				CLANG_WARN_BOOL_CONVERSION = YES;
				CLANG_WARN_COMMA = YES;
				CLANG_WARN_CONSTANT_CONVERSION = YES;
				CLANG_WARN_DEPRECATED_OBJC_IMPLEMENTATIONS = YES;
				CLANG_WARN_DIRECT_OBJC_ISA_USAGE = YES_ERROR;
				CLANG_WARN_DOCUMENTATION_COMMENTS = YES;
				CLANG_WARN_EMPTY_BODY = YES;
				CLANG_WARN_ENUM_CONVERSION = YES;
				CLANG_WARN_INFINITE_RECURSION = YES;
				CLANG_WARN_INT_CONVERSION = YES;
				CLANG_WARN_NON_LITERAL_NULL_CONVERSION = YES;
				CLANG_WARN_OBJC_IMPLICIT_RETAIN_SELF = YES;
				CLANG_WARN_OBJC_LITERAL_CONVERSION = YES;
				CLANG_WARN_OBJC_ROOT_CLASS = YES_ERROR;
				CLANG_WARN_RANGE_LOOP_ANALYSIS = YES;
				CLANG_WARN_STRICT_PROTOTYPES = YES;
				CLANG_WARN_SUSPICIOUS_MOVE = YES;
				CLANG_WARN_UNGUARDED_AVAILABILITY = YES_AGGRESSIVE;
				CLANG_WARN_UNREACHABLE_CODE = YES;
				CLANG_WARN__DUPLICATE_METHOD_MATCH = YES;
				COPY_PHASE_STRIP = NO;
				DEBUG_INFORMATION_FORMAT = "dwarf-with-dsym";
				ENABLE_NS_ASSERTIONS = NO;
				ENABLE_STRICT_OBJC_MSGSEND = YES;
				GCC_C_LANGUAGE_STANDARD = gnu11;
				GCC_NO_COMMON_BLOCKS = YES;
				GCC_WARN_64_TO_32_BIT_CONVERSION = YES;
				GCC_WARN_ABOUT_RETURN_TYPE = YES_ERROR;
				GCC_WARN_UNDECLARED_SELECTOR = YES;
				GCC_WARN_UNINITIALIZED_AUTOS = YES_AGGRESSIVE;
				GCC_WARN_UNUSED_FUNCTION = YES;
				GCC_WARN_UNUSED_VARIABLE = YES;
				IPHONEOS_DEPLOYMENT_TARGET = 13.4;
				MTL_ENABLE_DEBUG_INFO = NO;
				MTL_FAST_MATH = YES;
				SDKROOT = iphoneos;
				SWIFT_COMPILATION_MODE = wholemodule;
				SWIFT_OPTIMIZATION_LEVEL = "-O";
				VALIDATE_PRODUCT = YES;
			};
			name = Release;
		};
		A53DCB39245833EF00302857 /* Debug */ = {
			isa = XCBuildConfiguration;
			baseConfigurationReference = C29304BBEBA91A9D76DAF1D9 /* Pods-NMapTest.debug.xcconfig */;
			buildSettings = {
				ASSETCATALOG_COMPILER_APPICON_NAME = AppIcon;
				CODE_SIGN_STYLE = Automatic;
				DEVELOPMENT_TEAM = TG4L9MF5FD;
				INFOPLIST_FILE = NMapTest/Info.plist;
				LD_RUNPATH_SEARCH_PATHS = (
					"$(inherited)",
					"@executable_path/Frameworks",
				);
				PRODUCT_BUNDLE_IDENTIFIER = com.onceagain.NMapTest;
				PRODUCT_NAME = "$(TARGET_NAME)";
				SWIFT_VERSION = 5.0;
				TARGETED_DEVICE_FAMILY = "1,2";
			};
			name = Debug;
		};
		A53DCB3A245833EF00302857 /* Release */ = {
			isa = XCBuildConfiguration;
			baseConfigurationReference = B6D7808C89284B620D23585F /* Pods-NMapTest.release.xcconfig */;
			buildSettings = {
				ASSETCATALOG_COMPILER_APPICON_NAME = AppIcon;
				CODE_SIGN_STYLE = Automatic;
				DEVELOPMENT_TEAM = TG4L9MF5FD;
				INFOPLIST_FILE = NMapTest/Info.plist;
				LD_RUNPATH_SEARCH_PATHS = (
					"$(inherited)",
					"@executable_path/Frameworks",
				);
				PRODUCT_BUNDLE_IDENTIFIER = com.onceagain.NMapTest;
				PRODUCT_NAME = "$(TARGET_NAME)";
				SWIFT_VERSION = 5.0;
				TARGETED_DEVICE_FAMILY = "1,2";
			};
			name = Release;
		};
/* End XCBuildConfiguration section */

/* Begin XCConfigurationList section */
		A53DCB1C245833EE00302857 /* Build configuration list for PBXProject "NMapTest" */ = {
			isa = XCConfigurationList;
			buildConfigurations = (
				A53DCB36245833EF00302857 /* Debug */,
				A53DCB37245833EF00302857 /* Release */,
			);
			defaultConfigurationIsVisible = 0;
			defaultConfigurationName = Release;
		};
		A53DCB38245833EF00302857 /* Build configuration list for PBXNativeTarget "NMapTest" */ = {
			isa = XCConfigurationList;
			buildConfigurations = (
				A53DCB39245833EF00302857 /* Debug */,
				A53DCB3A245833EF00302857 /* Release */,
			);
			defaultConfigurationIsVisible = 0;
			defaultConfigurationName = Release;
		};
/* End XCConfigurationList section */

/* Begin XCVersionGroup section */
		A53DCB2D245833EE00302857 /* NMapTest.xcdatamodeld */ = {
			isa = XCVersionGroup;
			children = (
				A53DCB2E245833EE00302857 /* NMapTest.xcdatamodel */,
			);
			currentVersion = A53DCB2E245833EE00302857 /* NMapTest.xcdatamodel */;
			path = NMapTest.xcdatamodeld;
			sourceTree = "<group>";
			versionGroupType = wrapper.xcdatamodel;
		};
/* End XCVersionGroup section */
	};
	rootObject = A53DCB19245833EE00302857 /* Project object */;
}
